
Microsoft Visual Studio Solution File, Format Version 12.00
# Visual Studio Version 16
VisualStudioVersion = 16.6.30114.105
MinimumVisualStudioVersion = 10.0.40219.1
Project("{FAE04EC0-301F-11D3-BF4B-00C04F79EFBC}") = "application", "Api.Application\application.csproj", "{875CC522-7E68-432D-96C2-C408F2E82FED}"
EndProject
Project("{FAE04EC0-301F-11D3-BF4B-00C04F79EFBC}") = "Domain", "Api.Domain\Domain.csproj", "{83E9CEB0-6079-42F4-BBFD-A643D7A62C5C}"
EndProject
Project("{FAE04EC0-301F-11D3-BF4B-00C04F79EFBC}") = "CrossCutting", "Api.CrossCutting\CrossCutting.csproj", "{DD92D38D-8EB8-4044-832B-F7A11D30BAC2}"
EndProject
Project("{FAE04EC0-301F-11D3-BF4B-00C04F79EFBC}") = "Data", "Api.Data\Data.csproj", "{F52869D1-38B8-40CC-866B-F35761726221}"
EndProject
Project("{FAE04EC0-301F-11D3-BF4B-00C04F79EFBC}") = "Service", "Api.Service\Service.csproj", "{E2826421-874E-41E9-B0A6-B635DBE32242}"
EndProject
Global
	GlobalSection(SolutionConfigurationPlatforms) = preSolution
		Debug|Any CPU = Debug|Any CPU
		Debug|x64 = Debug|x64
		Debug|x86 = Debug|x86
		Release|Any CPU = Release|Any CPU
		Release|x64 = Release|x64
		Release|x86 = Release|x86
	EndGlobalSection
	GlobalSection(SolutionProperties) = preSolution
		HideSolutionNode = FALSE
	EndGlobalSection
	GlobalSection(ProjectConfigurationPlatforms) = postSolution
		{875CC522-7E68-432D-96C2-C408F2E82FED}.Debug|Any CPU.ActiveCfg = Debug|Any CPU
		{875CC522-7E68-432D-96C2-C408F2E82FED}.Debug|Any CPU.Build.0 = Debug|Any CPU
		{875CC522-7E68-432D-96C2-C408F2E82FED}.Debug|x64.ActiveCfg = Debug|Any CPU
		{875CC522-7E68-432D-96C2-C408F2E82FED}.Debug|x64.Build.0 = Debug|Any CPU
		{875CC522-7E68-432D-96C2-C408F2E82FED}.Debug|x86.ActiveCfg = Debug|Any CPU
		{875CC522-7E68-432D-96C2-C408F2E82FED}.Debug|x86.Build.0 = Debug|Any CPU
		{875CC522-7E68-432D-96C2-C408F2E82FED}.Release|Any CPU.ActiveCfg = Release|Any CPU
		{875CC522-7E68-432D-96C2-C408F2E82FED}.Release|Any CPU.Build.0 = Release|Any CPU
		{875CC522-7E68-432D-96C2-C408F2E82FED}.Release|x64.ActiveCfg = Release|Any CPU
		{875CC522-7E68-432D-96C2-C408F2E82FED}.Release|x64.Build.0 = Release|Any CPU
		{875CC522-7E68-432D-96C2-C408F2E82FED}.Release|x86.ActiveCfg = Release|Any CPU
		{875CC522-7E68-432D-96C2-C408F2E82FED}.Release|x86.Build.0 = Release|Any CPU
		{83E9CEB0-6079-42F4-BBFD-A643D7A62C5C}.Debug|Any CPU.ActiveCfg = Debug|Any CPU
		{83E9CEB0-6079-42F4-BBFD-A643D7A62C5C}.Debug|Any CPU.Build.0 = Debug|Any CPU
		{83E9CEB0-6079-42F4-BBFD-A643D7A62C5C}.Debug|x64.ActiveCfg = Debug|Any CPU
		{83E9CEB0-6079-42F4-BBFD-A643D7A62C5C}.Debug|x64.Build.0 = Debug|Any CPU
		{83E9CEB0-6079-42F4-BBFD-A643D7A62C5C}.Debug|x86.ActiveCfg = Debug|Any CPU
		{83E9CEB0-6079-42F4-BBFD-A643D7A62C5C}.Debug|x86.Build.0 = Debug|Any CPU
		{83E9CEB0-6079-42F4-BBFD-A643D7A62C5C}.Release|Any CPU.ActiveCfg = Release|Any CPU
		{83E9CEB0-6079-42F4-BBFD-A643D7A62C5C}.Release|Any CPU.Build.0 = Release|Any CPU
		{83E9CEB0-6079-42F4-BBFD-A643D7A62C5C}.Release|x64.ActiveCfg = Release|Any CPU
		{83E9CEB0-6079-42F4-BBFD-A643D7A62C5C}.Release|x64.Build.0 = Release|Any CPU
		{83E9CEB0-6079-42F4-BBFD-A643D7A62C5C}.Release|x86.ActiveCfg = Release|Any CPU
		{83E9CEB0-6079-42F4-BBFD-A643D7A62C5C}.Release|x86.Build.0 = Release|Any CPU
		{DD92D38D-8EB8-4044-832B-F7A11D30BAC2}.Debug|Any CPU.ActiveCfg = Debug|Any CPU
		{DD92D38D-8EB8-4044-832B-F7A11D30BAC2}.Debug|Any CPU.Build.0 = Debug|Any CPU
		{DD92D38D-8EB8-4044-832B-F7A11D30BAC2}.Debug|x64.ActiveCfg = Debug|Any CPU
		{DD92D38D-8EB8-4044-832B-F7A11D30BAC2}.Debug|x64.Build.0 = Debug|Any CPU
		{DD92D38D-8EB8-4044-832B-F7A11D30BAC2}.Debug|x86.ActiveCfg = Debug|Any CPU
		{DD92D38D-8EB8-4044-832B-F7A11D30BAC2}.Debug|x86.Build.0 = Debug|Any CPU
		{DD92D38D-8EB8-4044-832B-F7A11D30BAC2}.Release|Any CPU.ActiveCfg = Release|Any CPU
		{DD92D38D-8EB8-4044-832B-F7A11D30BAC2}.Release|Any CPU.Build.0 = Release|Any CPU
		{DD92D38D-8EB8-4044-832B-F7A11D30BAC2}.Release|x64.ActiveCfg = Release|Any CPU
		{DD92D38D-8EB8-4044-832B-F7A11D30BAC2}.Release|x64.Build.0 = Release|Any CPU
		{DD92D38D-8EB8-4044-832B-F7A11D30BAC2}.Release|x86.ActiveCfg = Release|Any CPU
		{DD92D38D-8EB8-4044-832B-F7A11D30BAC2}.Release|x86.Build.0 = Release|Any CPU
		{F52869D1-38B8-40CC-866B-F35761726221}.Debug|Any CPU.ActiveCfg = Debug|Any CPU
		{F52869D1-38B8-40CC-866B-F35761726221}.Debug|Any CPU.Build.0 = Debug|Any CPU
		{F52869D1-38B8-40CC-866B-F35761726221}.Debug|x64.ActiveCfg = Debug|Any CPU
		{F52869D1-38B8-40CC-866B-F35761726221}.Debug|x64.Build.0 = Debug|Any CPU
		{F52869D1-38B8-40CC-866B-F35761726221}.Debug|x86.ActiveCfg = Debug|Any CPU
		{F52869D1-38B8-40CC-866B-F35761726221}.Debug|x86.Build.0 = Debug|Any CPU
		{F52869D1-38B8-40CC-866B-F35761726221}.Release|Any CPU.ActiveCfg = Release|Any CPU
		{F52869D1-38B8-40CC-866B-F35761726221}.Release|Any CPU.Build.0 = Release|Any CPU
		{F52869D1-38B8-40CC-866B-F35761726221}.Release|x64.ActiveCfg = Release|Any CPU
		{F52869D1-38B8-40CC-866B-F35761726221}.Release|x64.Build.0 = Release|Any CPU
		{F52869D1-38B8-40CC-866B-F35761726221}.Release|x86.ActiveCfg = Release|Any CPU
		{F52869D1-38B8-40CC-866B-F35761726221}.Release|x86.Build.0 = Release|Any CPU
		{E2826421-874E-41E9-B0A6-B635DBE32242}.Debug|Any CPU.ActiveCfg = Debug|Any CPU
		{E2826421-874E-41E9-B0A6-B635DBE32242}.Debug|Any CPU.Build.0 = Debug|Any CPU
		{E2826421-874E-41E9-B0A6-B635DBE32242}.Debug|x64.ActiveCfg = Debug|Any CPU
		{E2826421-874E-41E9-B0A6-B635DBE32242}.Debug|x64.Build.0 = Debug|Any CPU
		{E2826421-874E-41E9-B0A6-B635DBE32242}.Debug|x86.ActiveCfg = Debug|Any CPU
		{E2826421-874E-41E9-B0A6-B635DBE32242}.Debug|x86.Build.0 = Debug|Any CPU
		{E2826421-874E-41E9-B0A6-B635DBE32242}.Release|Any CPU.ActiveCfg = Release|Any CPU
		{E2826421-874E-41E9-B0A6-B635DBE32242}.Release|Any CPU.Build.0 = Release|Any CPU
		{E2826421-874E-41E9-B0A6-B635DBE32242}.Release|x64.ActiveCfg = Release|Any CPU
		{E2826421-874E-41E9-B0A6-B635DBE32242}.Release|x64.Build.0 = Release|Any CPU
		{E2826421-874E-41E9-B0A6-B635DBE32242}.Release|x86.ActiveCfg = Release|Any CPU
		{E2826421-874E-41E9-B0A6-B635DBE32242}.Release|x86.Build.0 = Release|Any CPU
	EndGlobalSection
EndGlobal
